
Microsoft Visual Studio Solution File, Format Version 12.00
# Visual Studio 2012
Project("{FAE04EC0-301F-11D3-BF4B-00C04F79EFBC}") = "FP.Func", "FP.Func\FP.Func.csproj", "{FC40B857-5A3D-47EB-B233-D12C4961ADB4}"
EndProject
Project("{FAE04EC0-301F-11D3-BF4B-00C04F79EFBC}") = "FP.Func.Tests", "FP.Func.Tests\FP.Func.Tests.csproj", "{4C48B952-7154-4ECE-AC63-52181CF6179E}"
EndProject
Global
	GlobalSection(SolutionConfigurationPlatforms) = preSolution
		Debug|Any CPU = Debug|Any CPU
		Release|Any CPU = Release|Any CPU
	EndGlobalSection
	GlobalSection(ProjectConfigurationPlatforms) = postSolution
		{FC40B857-5A3D-47EB-B233-D12C4961ADB4}.Debug|Any CPU.ActiveCfg = Debug|Any CPU
		{FC40B857-5A3D-47EB-B233-D12C4961ADB4}.Debug|Any CPU.Build.0 = Debug|Any CPU
		{FC40B857-5A3D-47EB-B233-D12C4961ADB4}.Release|Any CPU.ActiveCfg = Release|Any CPU
		{FC40B857-5A3D-47EB-B233-D12C4961ADB4}.Release|Any CPU.Build.0 = Release|Any CPU
		{4C48B952-7154-4ECE-AC63-52181CF6179E}.Debug|Any CPU.ActiveCfg = Debug|Any CPU
		{4C48B952-7154-4ECE-AC63-52181CF6179E}.Debug|Any CPU.Build.0 = Debug|Any CPU
		{4C48B952-7154-4ECE-AC63-52181CF6179E}.Release|Any CPU.ActiveCfg = Release|Any CPU
		{4C48B952-7154-4ECE-AC63-52181CF6179E}.Release|Any CPU.Build.0 = Release|Any CPU
	EndGlobalSection
	GlobalSection(SolutionProperties) = preSolution
		HideSolutionNode = FALSE
	EndGlobalSection
EndGlobal
